Microsoft Visual Studio Solution File, Format Version 12.00
# Visual Studio Version 16
VisualStudioVersion = 16.0.29215.179
MinimumVisualStudioVersion = 10.0.40219.1
Project("{8BC9CEB8-8B4A-11D0-8D11-00A0C91BC942}") = "SWA", "SWA\SWA.vcxproj", "{00149728-F058-4800-8598-0D0FEF29D9A0}"
EndProject
Project("{8BC9CEB8-8B4A-11D0-8D11-00A0C91BC942}") = "GameEngine", "GameEngine\GameEngine.vcxproj", "{31372A22-A0CA-4A66-92BB-B1C9A3F24EAF}"
EndProject
Global
	GlobalSection(SolutionConfigurationPlatforms) = preSolution
		Debug|x64 = Debug|x64
		Debug|x86 = Debug|x86
		Release|x64 = Release|x64
		Release|x86 = Release|x86
	EndGlobalSection
	GlobalSection(ProjectConfigurationPlatforms) = postSolution
		{00149728-F058-4800-8598-0D0FEF29D9A0}.Debug|x64.ActiveCfg = Debug|x64
		{00149728-F058-4800-8598-0D0FEF29D9A0}.Debug|x64.Build.0 = Debug|x64
		{00149728-F058-4800-8598-0D0FEF29D9A0}.Debug|x86.ActiveCfg = Debug|x64
		{00149728-F058-4800-8598-0D0FEF29D9A0}.Release|x64.ActiveCfg = Release|x64
		{00149728-F058-4800-8598-0D0FEF29D9A0}.Release|x64.Build.0 = Release|x64
		{00149728-F058-4800-8598-0D0FEF29D9A0}.Release|x86.ActiveCfg = Release|x64
		{31372A22-A0CA-4A66-92BB-B1C9A3F24EAF}.Debug|x64.ActiveCfg = Debug|x64
		{31372A22-A0CA-4A66-92BB-B1C9A3F24EAF}.Debug|x64.Build.0 = Debug|x64
		{31372A22-A0CA-4A66-92BB-B1C9A3F24EAF}.Debug|x86.ActiveCfg = Debug|Win32
		{31372A22-A0CA-4A66-92BB-B1C9A3F24EAF}.Debug|x86.Build.0 = Debug|Win32
		{31372A22-A0CA-4A66-92BB-B1C9A3F24EAF}.Release|x64.ActiveCfg = Release|x64
		{31372A22-A0CA-4A66-92BB-B1C9A3F24EAF}.Release|x64.Build.0 = Release|x64
		{31372A22-A0CA-4A66-92BB-B1C9A3F24EAF}.Release|x86.ActiveCfg = Release|Win32
		{31372A22-A0CA-4A66-92BB-B1C9A3F24EAF}.Release|x86.Build.0 = Release|Win32
	EndGlobalSection
	GlobalSection(SolutionProperties) = preSolution
		HideSolutionNode = FALSE
	EndGlobalSection
	GlobalSection(ExtensibilityGlobals) = postSolution
		SolutionGuid = {822D93C6-86FE-45A4-87CB-E8149722E17C}
	EndGlobalSection
EndGlobal
