<?xml version="1.0" encoding="utf-8"?>
<Project ToolsVersion="4.0" xmlns="http://schemas.microsoft.com/developer/msbuild/2003">
  <ItemGroup>
    <Filter Include="Source Files">
      <UniqueIdentifier>{4FC737F1-C7A5-4376-A066-2A32D752A2FF}</UniqueIdentifier>
      <Extensions>cpp;c;cc;cxx;def;odl;idl;hpj;bat;asm;asmx</Extensions>
    </Filter>
    <Filter Include="Header Files">
      <UniqueIdentifier>{93995380-89BD-4b04-88EB-625FBE52EBFB}</UniqueIdentifier>
      <Extensions>h;hh;hpp;hxx;hm;inl;inc;ipp;xsd</Extensions>
    </Filter>
    <Filter Include="Resource Files">
      <UniqueIdentifier>{67DA6AB6-F800-4c08-8B7A-83BB121AAD01}</UniqueIdentifier>
      <Extensions>rc;ico;cur;bmp;dlg;rc2;rct;bin;rgs;gif;jpg;jpeg;jpe;resx;tiff;tif;png;wav;mfcribbon-ms</Extensions>
    </Filter>
    <Filter Include="Source Files\Components">
      <UniqueIdentifier>{9f602cfd-4871-4e09-be61-06478739211a}</UniqueIdentifier>
    </Filter>
    <Filter Include="Source Files\Menus">
      <UniqueIdentifier>{45984645-aeee-4098-81ac-001b1a8be087}</UniqueIdentifier>
    </Filter>
    <Filter Include="Header Files\Components">
      <UniqueIdentifier>{e3e9bcb8-139d-42fd-9287-7d7386bf26e8}</UniqueIdentifier>
    </Filter>
    <Filter Include="Header Files\Menus">
      <UniqueIdentifier>{c8c1ceb3-ef53-4cf0-952e-a583211bd853}</UniqueIdentifier>
    </Filter>
    <Filter Include="Source Files\Systems">
      <UniqueIdentifier>{5e6080ad-8792-4da7-a769-ffbdc314b703}</UniqueIdentifier>
    </Filter>
    <Filter Include="Header Files\Systems">
      <UniqueIdentifier>{f85b48c3-fde4-40a7-8ad6-6f6a27e80059}</UniqueIdentifier>
    </Filter>
    <Filter Include="Source Files\Entities">
      <UniqueIdentifier>{da461466-a043-41d7-8862-d665fd8099a4}</UniqueIdentifier>
    </Filter>
    <Filter Include="Header Files\Entities">
      <UniqueIdentifier>{1e96fa31-586c-4de0-b912-344c49e2c8e6}</UniqueIdentifier>
    </Filter>
    <Filter Include="Header Files\Engine">
      <UniqueIdentifier>{a5541091-05d7-469c-a7c0-d2534bf0c81c}</UniqueIdentifier>
    </Filter>
    <Filter Include="Resource Files\Animations">
      <UniqueIdentifier>{c4b7a96e-5da2-4793-8a15-e441bbf6498f}</UniqueIdentifier>
    </Filter>
  </ItemGroup>
  <ItemGroup>
    <ClCompile Include="main.cpp">
      <Filter>Source Files</Filter>
    </ClCompile>
    <ClCompile Include="Component.cpp">
      <Filter>Source Files\Components</Filter>
    </ClCompile>
    <ClCompile Include="Core.cpp">
      <Filter>Source Files</Filter>
    </ClCompile>
    <ClCompile Include="MainMenu.cpp">
      <Filter>Source Files\Menus</Filter>
    </ClCompile>
    <ClCompile Include="MenuManager.cpp">
      <Filter>Source Files\Menus</Filter>
    </ClCompile>
    <ClCompile Include="BaseSystem.cpp">
      <Filter>Source Files\Systems</Filter>
    </ClCompile>
    <ClCompile Include="MoveSystem.cpp">
      <Filter>Source Files\Systems</Filter>
    </ClCompile>
    <ClCompile Include="EntityManager.cpp">
      <Filter>Source Files\Entities</Filter>
    </ClCompile>
    <ClCompile Include="InputSystem.cpp">
      <Filter>Source Files\Systems</Filter>
    </ClCompile>
    <ClCompile Include="AudioSystem.cpp">
      <Filter>Source Files\Systems</Filter>
    </ClCompile>
    <ClCompile Include="RenderSystem.cpp">
      <Filter>Source Files\Systems</Filter>
    </ClCompile>
  </ItemGroup>
  <ItemGroup>
    <ClInclude Include="Core.h">
      <Filter>Header Files</Filter>
    </ClInclude>
    <ClInclude Include="Component.h">
      <Filter>Header Files\Components</Filter>
    </ClInclude>
    <ClInclude Include="MainMenu.h">
      <Filter>Header Files\Menus</Filter>
    </ClInclude>
    <ClInclude Include="MenuManager.h">
      <Filter>Header Files\Menus</Filter>
    </ClInclude>
    <ClInclude Include="BaseScene.h">
      <Filter>Header Files\Menus</Filter>
    </ClInclude>
    <ClInclude Include="PositionComponent.h">
      <Filter>Header Files\Components</Filter>
    </ClInclude>
    <ClInclude Include="VelocityComponent.h">
      <Filter>Header Files\Components</Filter>
    </ClInclude>
    <ClInclude Include="BaseSystem.h">
      <Filter>Header Files\Systems</Filter>
    </ClInclude>
    <ClInclude Include="MoveSystem.h">
      <Filter>Header Files\Systems</Filter>
    </ClInclude>
    <ClInclude Include="EntityManager.h">
      <Filter>Header Files\Entities</Filter>
    </ClInclude>
    <ClInclude Include="CollisionComponent.h">
      <Filter>Header Files\Components</Filter>
    </ClInclude>
    <ClInclude Include="ControllableComponent.h">
      <Filter>Header Files\Components</Filter>
    </ClInclude>
    <ClInclude Include="DamagingComponent.h">
      <Filter>Header Files\Components</Filter>
    </ClInclude>
    <ClInclude Include="HealthComponent.h">
      <Filter>Header Files\Components</Filter>
    </ClInclude>
    <ClInclude Include="MoneyComponent.h">
      <Filter>Header Files\Components</Filter>
    </ClInclude>
    <ClInclude Include="ShootingComponent.h">
      <Filter>Header Files\Components</Filter>
    </ClInclude>
    <ClInclude Include="InputSystem.h">
      <Filter>Header Files\Systems</Filter>
    </ClInclude>
    <ClInclude Include="InputComponent.h">
      <Filter>Header Files\Components</Filter>
    </ClInclude>
    <ClInclude Include="AudioSystem.h">
      <Filter>Header Files\Systems</Filter>
    </ClInclude>
    <ClInclude Include="RenderSystem.h">
      <Filter>Header Files\Systems</Filter>
    </ClInclude>
    <ClInclude Include="AnimationComponent.h">
      <Filter>Header Files\Components</Filter>
    </ClInclude>
  </ItemGroup>
  <ItemGroup>
    <Media Include="assets\scratch.wav">
      <Filter>Resource Files</Filter>
    </Media>
    <Media Include="assets\beat.wav">
      <Filter>Resource Files</Filter>
    </Media>
    <Media Include="assets\high.wav">
      <Filter>Resource Files</Filter>
    </Media>
    <Media Include="assets\low.wav">
      <Filter>Resource Files</Filter>
    </Media>
    <Media Include="assets\medium.wav">
      <Filter>Resource Files</Filter>
    </Media>
  </ItemGroup>
  <ItemGroup>
    <None Include="ClassDiagram.cd" />
  </ItemGroup>
  <ItemGroup>
    <Image Include="assets\Animations\big_demon_idle.png">
      <Filter>Resource Files\Animations</Filter>
    </Image>
    <Image Include="assets\Animations\big_demon_run.png">
      <Filter>Resource Files\Animations</Filter>
    </Image>
    <Image Include="assets\Animations\big_zombie_idle.png">
      <Filter>Resource Files\Animations</Filter>
    </Image>
    <Image Include="assets\Animations\big_zombie_run.png">
      <Filter>Resource Files\Animations</Filter>
    </Image>
    <Image Include="assets\Animations\chest_empty_open.png">
      <Filter>Resource Files\Animations</Filter>
    </Image>
    <Image Include="assets\Animations\chest_full_open.png">
      <Filter>Resource Files\Animations</Filter>
    </Image>
    <Image Include="assets\Animations\chest_mimic_open.png">
      <Filter>Resource Files\Animations</Filter>
    </Image>
    <Image Include="assets\Animations\chort_idle.png">
      <Filter>Resource Files\Animations</Filter>
    </Image>
    <Image Include="assets\Animations\chort_run.png">
      <Filter>Resource Files\Animations</Filter>
    </Image>
    <Image Include="assets\Animations\coin.png">
      <Filter>Resource Files\Animations</Filter>
    </Image>
    <Image Include="assets\Animations\elf_f_idle.png">
      <Filter>Resource Files\Animations</Filter>
    </Image>
    <Image Include="assets\Animations\elf_f_run.png">
      <Filter>Resource Files\Animations</Filter>
    </Image>
    <Image Include="assets\Animations\elf_m_idle.png">
      <Filter>Resource Files\Animations</Filter>
    </Image>
    <Image Include="assets\Animations\elf_m_run.png">
      <Filter>Resource Files\Animations</Filter>
    </Image>
    <Image Include="assets\Animations\floor_spikes.png">
      <Filter>Resource Files\Animations</Filter>
    </Image>
    <Image Include="assets\Animations\goblin_idle.png">
      <Filter>Resource Files\Animations</Filter>
    </Image>
    <Image Include="assets\Animations\goblin_run.png">
      <Filter>Resource Files\Animations</Filter>
    </Image>
    <Image Include="assets\Animations\ice_zombie_idle.png">
      <Filter>Resource Files\Animations</Filter>
    </Image>
    <Image Include="assets\Animations\ice_zombie_run.png">
      <Filter>Resource Files\Animations</Filter>
    </Image>
    <Image Include="assets\Animations\imp_idle.png">
      <Filter>Resource Files\Animations</Filter>
    </Image>
    <Image Include="assets\Animations\imp_run.png">
      <Filter>Resource Files\Animations</Filter>
    </Image>
    <Image Include="assets\Animations\knight_f_idle.png">
      <Filter>Resource Files\Animations</Filter>
    </Image>
    <Image Include="assets\Animations\knight_f_run.png">
      <Filter>Resource Files\Animations</Filter>
    </Image>
    <Image Include="assets\Animations\knight_m_idle.png">
      <Filter>Resource Files\Animations</Filter>
    </Image>
    <Image Include="assets\Animations\knight_m_run.png">
      <Filter>Resource Files\Animations</Filter>
    </Image>
    <Image Include="assets\Animations\masked_orc_idle.png">
      <Filter>Resource Files\Animations</Filter>
    </Image>
    <Image Include="assets\Animations\masked_orc_run.png">
      <Filter>Resource Files\Animations</Filter>
    </Image>
    <Image Include="assets\Animations\muddy_idle.png">
      <Filter>Resource Files\Animations</Filter>
    </Image>
    <Image Include="assets\Animations\muddy_run.png">
      <Filter>Resource Files\Animations</Filter>
    </Image>
    <Image Include="assets\Animations\necromancer_idle.png">
      <Filter>Resource Files\Animations</Filter>
    </Image>
    <Image Include="assets\Animations\necromancer_run.png">
      <Filter>Resource Files\Animations</Filter>
    </Image>
    <Image Include="assets\Animations\ogre_run.png">
      <Filter>Resource Files\Animations</Filter>
    </Image>
    <Image Include="assets\Animations\ogre_idle.png">
      <Filter>Resource Files\Animations</Filter>
    </Image>
    <Image Include="assets\Animations\orc_shaman_idle.png">
      <Filter>Resource Files\Animations</Filter>
    </Image>
    <Image Include="assets\Animations\orc_shaman_run.png">
      <Filter>Resource Files\Animations</Filter>
    </Image>
    <Image Include="assets\Animations\orc_warrior_idle.png">
      <Filter>Resource Files\Animations</Filter>
    </Image>
    <Image Include="assets\Animations\orc_warrior_run.png">
      <Filter>Resource Files\Animations</Filter>
    </Image>
    <Image Include="assets\Animations\zombie_run.png">
      <Filter>Resource Files\Animations</Filter>
    </Image>
    <Image Include="assets\Animations\zombie_idle.png">
      <Filter>Resource Files\Animations</Filter>
    </Image>
    <Image Include="assets\Animations\wogol_run.png">
      <Filter>Resource Files\Animations</Filter>
    </Image>
    <Image Include="assets\Animations\wogol_idle.png">
      <Filter>Resource Files\Animations</Filter>
    </Image>
    <Image Include="assets\wizard_move_m.png">
      <Filter>Resource Files\Animations</Filter>
    </Image>
    <Image Include="assets\wizard_move_f.png">
      <Filter>Resource Files\Animations</Filter>
    </Image>
    <Image Include="assets\Animations\wizard_m_run.png">
      <Filter>Resource Files\Animations</Filter>
    </Image>
    <Image Include="assets\Animations\wizard_m_idle.png">
      <Filter>Resource Files\Animations</Filter>
    </Image>
    <Image Include="assets\Animations\wizard_f_run.png">
      <Filter>Resource Files\Animations</Filter>
    </Image>
    <Image Include="assets\Animations\wizard_f_idle.png">
      <Filter>Resource Files\Animations</Filter>
    </Image>
    <Image Include="assets\Animations\wall_fountain_mid_red.png">
      <Filter>Resource Files\Animations</Filter>
    </Image>
    <Image Include="assets\Animations\wall_fountain_mid_blue.png">
      <Filter>Resource Files\Animations</Filter>
    </Image>
    <Image Include="assets\Animations\wall_fountain_basin_red.png">
      <Filter>Resource Files\Animations</Filter>
    </Image>
    <Image Include="assets\Animations\wall_fountain_basin_blue.png">
      <Filter>Resource Files\Animations</Filter>
    </Image>
    <Image Include="assets\Animations\tiny_zombie_run.png">
      <Filter>Resource Files\Animations</Filter>
    </Image>
    <Image Include="assets\Animations\tiny_zombie_idle.png">
      <Filter>Resource Files\Animations</Filter>
    </Image>
    <Image Include="assets\Animations\swampy_run.png">
      <Filter>Resource Files\Animations</Filter>
    </Image>
    <Image Include="assets\Animations\swampy_idle.png">
      <Filter>Resource Files\Animations</Filter>
    </Image>
    <Image Include="assets\Animations\skelet_run.png">
      <Filter>Resource Files\Animations</Filter>
    </Image>
    <Image Include="assets\Animations\skelet_idle.png">
      <Filter>Resource Files\Animations</Filter>
    </Image>
  </ItemGroup>
</Project>